
Microsoft Visual Studio Solution File, Format Version 12.00
# Visual Studio Version 17
VisualStudioVersion = 17.7.34024.191
MinimumVisualStudioVersion = 10.0.40219.1
Project("{888888A0-9F3D-457C-B088-3A5042F75D52}") = "task-2.3", "task-2.3\task-2.3.pyproj", "{1D5AB6EF-0F04-4237-AB22-501C0B96577B}"
EndProject
Global
	GlobalSection(SolutionConfigurationPlatforms) = preSolution
		Debug|Any CPU = Debug|Any CPU
		Release|Any CPU = Release|Any CPU
	EndGlobalSection
	GlobalSection(ProjectConfigurationPlatforms) = postSolution
		{1D5AB6EF-0F04-4237-AB22-501C0B96577B}.Debug|Any CPU.ActiveCfg = Debug|Any CPU
		{1D5AB6EF-0F04-4237-AB22-501C0B96577B}.Release|Any CPU.ActiveCfg = Release|Any CPU
	EndGlobalSection
	GlobalSection(SolutionProperties) = preSolution
		HideSolutionNode = FALSE
	EndGlobalSection
	GlobalSection(ExtensibilityGlobals) = postSolution
		SolutionGuid = {1CABE58E-F51D-4F3F-81D5-9AD9AC55D853}
	EndGlobalSection
EndGlobal
